
Microsoft Visual Studio Solution File, Format Version 12.00
# Visual Studio Version 16
VisualStudioVersion = 16.0.30804.86
MinimumVisualStudioVersion = 10.0.40219.1
Project("{8BC9CEB8-8B4A-11D0-8D11-00A0C91BC942}") = "OOP_5.1H", "OOP_5.1H\OOP_5.1H.vcxproj", "{CFBE9D99-DDD5-463C-93F7-1679B43CC12D}"
EndProject
Project("{8BC9CEB8-8B4A-11D0-8D11-00A0C91BC942}") = "UnitTest1", "UnitTest1\UnitTest1.vcxproj", "{22280CC6-52C0-49A2-8D6C-EA8C1D5C39EF}"
EndProject
Global
	GlobalSection(SolutionConfigurationPlatforms) = preSolution
		Debug|x64 = Debug|x64
		Debug|x86 = Debug|x86
		Release|x64 = Release|x64
		Release|x86 = Release|x86
	EndGlobalSection
	GlobalSection(ProjectConfigurationPlatforms) = postSolution
		{CFBE9D99-DDD5-463C-93F7-1679B43CC12D}.Debug|x64.ActiveCfg = Debug|x64
		{CFBE9D99-DDD5-463C-93F7-1679B43CC12D}.Debug|x64.Build.0 = Debug|x64
		{CFBE9D99-DDD5-463C-93F7-1679B43CC12D}.Debug|x86.ActiveCfg = Debug|Win32
		{CFBE9D99-DDD5-463C-93F7-1679B43CC12D}.Debug|x86.Build.0 = Debug|Win32
		{CFBE9D99-DDD5-463C-93F7-1679B43CC12D}.Release|x64.ActiveCfg = Release|x64
		{CFBE9D99-DDD5-463C-93F7-1679B43CC12D}.Release|x64.Build.0 = Release|x64
		{CFBE9D99-DDD5-463C-93F7-1679B43CC12D}.Release|x86.ActiveCfg = Release|Win32
		{CFBE9D99-DDD5-463C-93F7-1679B43CC12D}.Release|x86.Build.0 = Release|Win32
		{22280CC6-52C0-49A2-8D6C-EA8C1D5C39EF}.Debug|x64.ActiveCfg = Debug|x64
		{22280CC6-52C0-49A2-8D6C-EA8C1D5C39EF}.Debug|x64.Build.0 = Debug|x64
		{22280CC6-52C0-49A2-8D6C-EA8C1D5C39EF}.Debug|x86.ActiveCfg = Debug|Win32
		{22280CC6-52C0-49A2-8D6C-EA8C1D5C39EF}.Debug|x86.Build.0 = Debug|Win32
		{22280CC6-52C0-49A2-8D6C-EA8C1D5C39EF}.Release|x64.ActiveCfg = Release|x64
		{22280CC6-52C0-49A2-8D6C-EA8C1D5C39EF}.Release|x64.Build.0 = Release|x64
		{22280CC6-52C0-49A2-8D6C-EA8C1D5C39EF}.Release|x86.ActiveCfg = Release|Win32
		{22280CC6-52C0-49A2-8D6C-EA8C1D5C39EF}.Release|x86.Build.0 = Release|Win32
	EndGlobalSection
	GlobalSection(SolutionProperties) = preSolution
		HideSolutionNode = FALSE
	EndGlobalSection
	GlobalSection(ExtensibilityGlobals) = postSolution
		SolutionGuid = {16A02A35-90FC-415B-A03F-480A2843950E}
	EndGlobalSection
EndGlobal
